{
  "name": "@reachbench/import-app",
  "version": "1.0.0",
  "lockfileVersion": 3,
  "requires": true,
  "packages": {
    "": {
      "name": "@reachbench/import-app",
      "version": "1.0.0",
      "dependencies": {
        "@reachbench/direct": "file:packages/direct",
        "@reachbench/dynamic": "file:packages/dynamic",
        "@reachbench/unused": "file:packages/unused",
        "@reachbench/unsupported": "file:packages/unsupported"
      }
    },
    "node_modules/@reachbench/direct": {"resolved": "packages/direct", "link": true},
    "node_modules/@reachbench/dynamic": {"resolved": "packages/dynamic", "link": true},
    "node_modules/@reachbench/unused": {"resolved": "packages/unused", "link": true},
    "node_modules/@reachbench/unsupported": {"resolved": "packages/unsupported", "link": true},
    "packages/direct": {"name": "@reachbench/direct", "version": "1.0.0"},
    "packages/dynamic": {"name": "@reachbench/dynamic", "version": "1.0.0"},
    "packages/unused": {"name": "@reachbench/unused", "version": "1.0.0"},
    "packages/unsupported": {"name": "@reachbench/unsupported", "version": "1.0.0"}
  }
}
